// !$*UTF8*$!
{
	archiveVersion = 1;
	classes = {
	};
	objectVersion = 56;
	objects = {

/* Begin PBXBuildFile section */
		4359519129EF8DA700964B5A /* State.swift in Sources */ = {isa = PBXBuildFile; fileRef = 4359519029EF8DA700964B5A /* State.swift */; };
		43602E8129FA18B600EACC71 /* LandmarkGridCard.swift in Sources */ = {isa = PBXBuildFile; fileRef = 43602E8029FA18B600EACC71 /* LandmarkGridCard.swift */; };
		43B5A3C229EC71D60000AA49 /* LandmarksApp.swift in Sources */ = {isa = PBXBuildFile; fileRef = 43B5A3C129EC71D60000AA49 /* LandmarksApp.swift */; };
		43B5A3C429EC71D60000AA49 /* ContentView.swift in Sources */ = {isa = PBXBuildFile; fileRef = 43B5A3C329EC71D60000AA49 /* ContentView.swift */; };
		43B5A3C629EC71DA0000AA49 /* Assets.xcassets in Resources */ = {isa = PBXBuildFile; fileRef = 43B5A3C529EC71DA0000AA49 /* Assets.xcassets */; };
		43B5A3C929EC71DA0000AA49 /* Preview Assets.xcassets in Resources */ = {isa = PBXBuildFile; fileRef = 43B5A3C829EC71DA0000AA49 /* Preview Assets.xcassets */; };
		43B5A3D029EC749C0000AA49 /* CircleImage.swift in Sources */ = {isa = PBXBuildFile; fileRef = 43B5A3CF29EC749C0000AA49 /* CircleImage.swift */; };
		43B5A3D329EC78E90000AA49 /* MapsView.swift in Sources */ = {isa = PBXBuildFile; fileRef = 43B5A3D229EC78E90000AA49 /* MapsView.swift */; };
		43B5A3D629EC7E1B0000AA49 /* landmarkData.json in Resources */ = {isa = PBXBuildFile; fileRef = 43B5A3D529EC7E1B0000AA49 /* landmarkData.json */; };
		43B5A3D929EC7E810000AA49 /* Landmark.swift in Sources */ = {isa = PBXBuildFile; fileRef = 43B5A3D829EC7E810000AA49 /* Landmark.swift */; };
		43B5A3DB29EC828B0000AA49 /* ModalData.swift in Sources */ = {isa = PBXBuildFile; fileRef = 43B5A3DA29EC828B0000AA49 /* ModalData.swift */; };
		43B5A3DD29EC847A0000AA49 /* LandMarkRow.swift in Sources */ = {isa = PBXBuildFile; fileRef = 43B5A3DC29EC847A0000AA49 /* LandMarkRow.swift */; };
		43B5A3DF29EC86340000AA49 /* LandmarkList.swift in Sources */ = {isa = PBXBuildFile; fileRef = 43B5A3DE29EC86340000AA49 /* LandmarkList.swift */; };
		43B5A3E129EC87190000AA49 /* LandmarkDetail.swift in Sources */ = {isa = PBXBuildFile; fileRef = 43B5A3E029EC87190000AA49 /* LandmarkDetail.swift */; };
		43B5A3E429EC9A120000AA49 /* FavoriteButton.swift in Sources */ = {isa = PBXBuildFile; fileRef = 43B5A3E329EC9A120000AA49 /* FavoriteButton.swift */; };
		43B5A3E729ECE3B70000AA49 /* ListFilters.swift in Sources */ = {isa = PBXBuildFile; fileRef = 43B5A3E629ECE3B70000AA49 /* ListFilters.swift */; };
/* End PBXBuildFile section */

/* Begin PBXFileReference section */
		4359518F29EF8C8700964B5A /* states.json */ = {isa = PBXFileReference; lastKnownFileType = text.json; path = states.json; sourceTree = "<group>"; };
		4359519029EF8DA700964B5A /* State.swift */ = {isa = PBXFileReference; lastKnownFileType = sourcecode.swift; path = State.swift; sourceTree = "<group>"; };
		43602E8029FA18B600EACC71 /* LandmarkGridCard.swift */ = {isa = PBXFileReference; lastKnownFileType = sourcecode.swift; path = LandmarkGridCard.swift; sourceTree = "<group>"; };
		43602E8229FB6CB200EACC71 /* README.md */ = {isa = PBXFileReference; lastKnownFileType = net.daringfireball.markdown; path = README.md; sourceTree = "<group>"; };
		43B5A3BE29EC71D60000AA49 /* Landmarks.app */ = {isa = PBXFileReference; explicitFileType = wrapper.application; includeInIndex = 0; path = Landmarks.app; sourceTree = BUILT_PRODUCTS_DIR; };
		43B5A3C129EC71D60000AA49 /* LandmarksApp.swift */ = {isa = PBXFileReference; lastKnownFileType = sourcecode.swift; path = LandmarksApp.swift; sourceTree = "<group>"; };
		43B5A3C329EC71D60000AA49 /* ContentView.swift */ = {isa = PBXFileReference; lastKnownFileType = sourcecode.swift; path = ContentView.swift; sourceTree = "<group>"; };
		43B5A3C529EC71DA0000AA49 /* Assets.xcassets */ = {isa = PBXFileReference; lastKnownFileType = folder.assetcatalog; path = Assets.xcassets; sourceTree = "<group>"; };
		43B5A3C829EC71DA0000AA49 /* Preview Assets.xcassets */ = {isa = PBXFileReference; lastKnownFileType = folder.assetcatalog; path = "Preview Assets.xcassets"; sourceTree = "<group>"; };
		43B5A3CF29EC749C0000AA49 /* CircleImage.swift */ = {isa = PBXFileReference; lastKnownFileType = sourcecode.swift; path = CircleImage.swift; sourceTree = "<group>"; };
		43B5A3D229EC78E90000AA49 /* MapsView.swift */ = {isa = PBXFileReference; lastKnownFileType = sourcecode.swift; path = MapsView.swift; sourceTree = "<group>"; };
		43B5A3D529EC7E1B0000AA49 /* landmarkData.json */ = {isa = PBXFileReference; fileEncoding = 4; lastKnownFileType = text.json; path = landmarkData.json; sourceTree = "<group>"; };
		43B5A3D829EC7E810000AA49 /* Landmark.swift */ = {isa = PBXFileReference; lastKnownFileType = sourcecode.swift; path = Landmark.swift; sourceTree = "<group>"; };
		43B5A3DA29EC828B0000AA49 /* ModalData.swift */ = {isa = PBXFileReference; lastKnownFileType = sourcecode.swift; path = ModalData.swift; sourceTree = "<group>"; };
		43B5A3DC29EC847A0000AA49 /* LandMarkRow.swift */ = {isa = PBXFileReference; lastKnownFileType = sourcecode.swift; path = LandMarkRow.swift; sourceTree = "<group>"; };
		43B5A3DE29EC86340000AA49 /* LandmarkList.swift */ = {isa = PBXFileReference; lastKnownFileType = sourcecode.swift; path = LandmarkList.swift; sourceTree = "<group>"; };
		43B5A3E029EC87190000AA49 /* LandmarkDetail.swift */ = {isa = PBXFileReference; lastKnownFileType = sourcecode.swift; path = LandmarkDetail.swift; sourceTree = "<group>"; };
		43B5A3E329EC9A120000AA49 /* FavoriteButton.swift */ = {isa = PBXFileReference; lastKnownFileType = sourcecode.swift; path = FavoriteButton.swift; sourceTree = "<group>"; };
		43B5A3E629ECE3B70000AA49 /* ListFilters.swift */ = {isa = PBXFileReference; lastKnownFileType = sourcecode.swift; path = ListFilters.swift; sourceTree = "<group>"; };
/* End PBXFileReference section */

/* Begin PBXFrameworksBuildPhase section */
		43B5A3BB29EC71D60000AA49 /* Frameworks */ = {
			isa = PBXFrameworksBuildPhase;
			buildActionMask = 2147483647;
			files = (
			);
			runOnlyForDeploymentPostprocessing = 0;
		};
/* End PBXFrameworksBuildPhase section */

/* Begin PBXGroup section */
		43B5A3B529EC71D60000AA49 = {
			isa = PBXGroup;
			children = (
				43602E8229FB6CB200EACC71 /* README.md */,
				43B5A3C029EC71D60000AA49 /* Landmarks */,
				43B5A3BF29EC71D60000AA49 /* Products */,
			);
			sourceTree = "<group>";
		};
		43B5A3BF29EC71D60000AA49 /* Products */ = {
			isa = PBXGroup;
			children = (
				43B5A3BE29EC71D60000AA49 /* Landmarks.app */,
			);
			name = Products;
			sourceTree = "<group>";
		};
		43B5A3C029EC71D60000AA49 /* Landmarks */ = {
			isa = PBXGroup;
			children = (
				43B5A3D729EC7E6B0000AA49 /* Model */,
				43B5A3D429EC7E010000AA49 /* Resources */,
				43B5A3D129EC74A70000AA49 /* Views */,
				43B5A3C129EC71D60000AA49 /* LandmarksApp.swift */,
				43B5A3C329EC71D60000AA49 /* ContentView.swift */,
				43B5A3C529EC71DA0000AA49 /* Assets.xcassets */,
				43B5A3C729EC71DA0000AA49 /* Preview Content */,
			);
			path = Landmarks;
			sourceTree = "<group>";
		};
		43B5A3C729EC71DA0000AA49 /* Preview Content */ = {
			isa = PBXGroup;
			children = (
				43B5A3C829EC71DA0000AA49 /* Preview Assets.xcassets */,
			);
			path = "Preview Content";
			sourceTree = "<group>";
		};
		43B5A3D129EC74A70000AA49 /* Views */ = {
			isa = PBXGroup;
			children = (
				43B5A3E529EC9ADB0000AA49 /* helpers */,
				43B5A3DC29EC847A0000AA49 /* LandMarkRow.swift */,
				43B5A3DE29EC86340000AA49 /* LandmarkList.swift */,
				43B5A3E029EC87190000AA49 /* LandmarkDetail.swift */,
				43B5A3E629ECE3B70000AA49 /* ListFilters.swift */,
				43602E8029FA18B600EACC71 /* LandmarkGridCard.swift */,
			);
			path = Views;
			sourceTree = "<group>";
		};
		43B5A3D429EC7E010000AA49 /* Resources */ = {
			isa = PBXGroup;
			children = (
				43B5A3D529EC7E1B0000AA49 /* landmarkData.json */,
				4359518F29EF8C8700964B5A /* states.json */,
			);
			path = Resources;
			sourceTree = "<group>";
		};
		43B5A3D729EC7E6B0000AA49 /* Model */ = {
			isa = PBXGroup;
			children = (
				43B5A3D829EC7E810000AA49 /* Landmark.swift */,
				43B5A3DA29EC828B0000AA49 /* ModalData.swift */,
				4359519029EF8DA700964B5A /* State.swift */,
			);
			path = Model;
			sourceTree = "<group>";
		};
		43B5A3E529EC9ADB0000AA49 /* helpers */ = {
			isa = PBXGroup;
			children = (
				43B5A3CF29EC749C0000AA49 /* CircleImage.swift */,
				43B5A3D229EC78E90000AA49 /* MapsView.swift */,
				43B5A3E329EC9A120000AA49 /* FavoriteButton.swift */,
			);
			path = helpers;
			sourceTree = "<group>";
		};
/* End PBXGroup section */

/* Begin PBXNativeTarget section */
		43B5A3BD29EC71D60000AA49 /* Landmarks */ = {
			isa = PBXNativeTarget;
			buildConfigurationList = 43B5A3CC29EC71DA0000AA49 /* Build configuration list for PBXNativeTarget "Landmarks" */;
			buildPhases = (
				43B5A3BA29EC71D60000AA49 /* Sources */,
				43B5A3BB29EC71D60000AA49 /* Frameworks */,
				43B5A3BC29EC71D60000AA49 /* Resources */,
			);
			buildRules = (
			);
			dependencies = (
			);
			name = Landmarks;
			productName = Landmarks;
			productReference = 43B5A3BE29EC71D60000AA49 /* Landmarks.app */;
			productType = "com.apple.product-type.application";
		};
/* End PBXNativeTarget section */

/* Begin PBXProject section */
		43B5A3B629EC71D60000AA49 /* Project object */ = {
			isa = PBXProject;
			attributes = {
				BuildIndependentTargetsInParallel = 1;
				LastSwiftUpdateCheck = 1410;
				LastUpgradeCheck = 1410;
				TargetAttributes = {
					43B5A3BD29EC71D60000AA49 = {
						CreatedOnToolsVersion = 14.1;
					};
				};
			};
			buildConfigurationList = 43B5A3B929EC71D60000AA49 /* Build configuration list for PBXProject "Landmarks" */;
			compatibilityVersion = "Xcode 14.0";
			developmentRegion = en;
			hasScannedForEncodings = 0;
			knownRegions = (
				en,
				Base,
			);
			mainGroup = 43B5A3B529EC71D60000AA49;
			productRefGroup = 43B5A3BF29EC71D60000AA49 /* Products */;
			projectDirPath = "";
			projectRoot = "";
			targets = (
				43B5A3BD29EC71D60000AA49 /* Landmarks */,
			);
		};
/* End PBXProject section */

/* Begin PBXResourcesBuildPhase section */
		43B5A3BC29EC71D60000AA49 /* Resources */ = {
			isa = PBXResourcesBuildPhase;
			buildActionMask = 2147483647;
			files = (
				43B5A3C929EC71DA0000AA49 /* Preview Assets.xcassets in Resources */,
				43B5A3C629EC71DA0000AA49 /* Assets.xcassets in Resources */,
				43B5A3D629EC7E1B0000AA49 /* landmarkData.json in Resources */,
			);
			runOnlyForDeploymentPostprocessing = 0;
		};
/* End PBXResourcesBuildPhase section */

/* Begin PBXSourcesBuildPhase section */
		43B5A3BA29EC71D60000AA49 /* Sources */ = {
			isa = PBXSourcesBuildPhase;
			buildActionMask = 2147483647;
			files = (
				43B5A3C429EC71D60000AA49 /* ContentView.swift in Sources */,
				43B5A3E729ECE3B70000AA49 /* ListFilters.swift in Sources */,
				43B5A3D329EC78E90000AA49 /* MapsView.swift in Sources */,
				43B5A3DD29EC847A0000AA49 /* LandMarkRow.swift in Sources */,
				43602E8129FA18B600EACC71 /* LandmarkGridCard.swift in Sources */,
				43B5A3E429EC9A120000AA49 /* FavoriteButton.swift in Sources */,
				43B5A3DF29EC86340000AA49 /* LandmarkList.swift in Sources */,
				43B5A3E129EC87190000AA49 /* LandmarkDetail.swift in Sources */,
				43B5A3C229EC71D60000AA49 /* LandmarksApp.swift in Sources */,
				43B5A3D029EC749C0000AA49 /* CircleImage.swift in Sources */,
				43B5A3D929EC7E810000AA49 /* Landmark.swift in Sources */,
				43B5A3DB29EC828B0000AA49 /* ModalData.swift in Sources */,
				4359519129EF8DA700964B5A /* State.swift in Sources */,
			);
			runOnlyForDeploymentPostprocessing = 0;
		};
/* End PBXSourcesBuildPhase section */

/* Begin XCBuildConfiguration section */
		43B5A3CA29EC71DA0000AA49 /* Debug */ = {
			isa = XCBuildConfiguration;
			buildSettings = {
				ALWAYS_SEARCH_USER_PATHS = NO;
				CLANG_ANALYZER_NONNULL = YES;
				CLANG_ANALYZER_NUMBER_OBJECT_CONVERSION = YES_AGGRESSIVE;
				CLANG_CXX_LANGUAGE_STANDARD = "gnu++20";
				CLANG_ENABLE_MODULES = YES;
				CLANG_ENABLE_OBJC_ARC = YES;
				CLANG_ENABLE_OBJC_WEAK = YES;
				CLANG_WARN_BLOCK_CAPTURE_AUTORELEASING = YES;
				CLANG_WARN_BOOL_CONVERSION = YES;
				CLANG_WARN_COMMA = YES;
				CLANG_WARN_CONSTANT_CONVERSION = YES;
				CLANG_WARN_DEPRECATED_OBJC_IMPLEMENTATIONS = YES;
				CLANG_WARN_DIRECT_OBJC_ISA_USAGE = YES_ERROR;
				CLANG_WARN_DOCUMENTATION_COMMENTS = YES;
				CLANG_WARN_EMPTY_BODY = YES;
				CLANG_WARN_ENUM_CONVERSION = YES;
				CLANG_WARN_INFINITE_RECURSION = YES;
				CLANG_WARN_INT_CONVERSION = YES;
				CLANG_WARN_NON_LITERAL_NULL_CONVERSION = YES;
				CLANG_WARN_OBJC_IMPLICIT_RETAIN_SELF = YES;
				CLANG_WARN_OBJC_LITERAL_CONVERSION = YES;
				CLANG_WARN_OBJC_ROOT_CLASS = YES_ERROR;
				CLANG_WARN_QUOTED_INCLUDE_IN_FRAMEWORK_HEADER = YES;
				CLANG_WARN_RANGE_LOOP_ANALYSIS = YES;
				CLANG_WARN_STRICT_PROTOTYPES = YES;
				CLANG_WARN_SUSPICIOUS_MOVE = YES;
				CLANG_WARN_UNGUARDED_AVAILABILITY = YES_AGGRESSIVE;
				CLANG_WARN_UNREACHABLE_CODE = YES;
				CLANG_WARN__DUPLICATE_METHOD_MATCH = YES;
				COPY_PHASE_STRIP = NO;
				DEBUG_INFORMATION_FORMAT = dwarf;
				ENABLE_STRICT_OBJC_MSGSEND = YES;
				ENABLE_TESTABILITY = YES;
				GCC_C_LANGUAGE_STANDARD = gnu11;
				GCC_DYNAMIC_NO_PIC = NO;
				GCC_NO_COMMON_BLOCKS = YES;
				GCC_OPTIMIZATION_LEVEL = 0;
				GCC_PREPROCESSOR_DEFINITIONS = (
					"DEBUG=1",
					"$(inherited)",
				);
				GCC_WARN_64_TO_32_BIT_CONVERSION = YES;
				GCC_WARN_ABOUT_RETURN_TYPE = YES_ERROR;
				GCC_WARN_UNDECLARED_SELECTOR = YES;
				GCC_WARN_UNINITIALIZED_AUTOS = YES_AGGRESSIVE;
				GCC_WARN_UNUSED_FUNCTION = YES;
				GCC_WARN_UNUSED_VARIABLE = YES;
				IPHONEOS_DEPLOYMENT_TARGET = 16.1;
				MTL_ENABLE_DEBUG_INFO = INCLUDE_SOURCE;
				MTL_FAST_MATH = YES;
				ONLY_ACTIVE_ARCH = YES;
				SDKROOT = iphoneos;
				SWIFT_ACTIVE_COMPILATION_CONDITIONS = DEBUG;
				SWIFT_OPTIMIZATION_LEVEL = "-Onone";
			};
			name = Debug;
		};
		43B5A3CB29EC71DA0000AA49 /* Release */ = {
			isa = XCBuildConfiguration;
			buildSettings = {
				ALWAYS_SEARCH_USER_PATHS = NO;
				CLANG_ANALYZER_NONNULL = YES;
				CLANG_ANALYZER_NUMBER_OBJECT_CONVERSION = YES_AGGRESSIVE;
				CLANG_CXX_LANGUAGE_STANDARD = "gnu++20";
				CLANG_ENABLE_MODULES = YES;
				CLANG_ENABLE_OBJC_ARC = YES;
				CLANG_ENABLE_OBJC_WEAK = YES;
				CLANG_WARN_BLOCK_CAPTURE_AUTORELEASING = YES;
				CLANG_WARN_BOOL_CONVERSION = YES;
				CLANG_WARN_COMMA = YES;
				CLANG_WARN_CONSTANT_CONVERSION = YES;
				CLANG_WARN_DEPRECATED_OBJC_IMPLEMENTATIONS = YES;
				CLANG_WARN_DIRECT_OBJC_ISA_USAGE = YES_ERROR;
				CLANG_WARN_DOCUMENTATION_COMMENTS = YES;
				CLANG_WARN_EMPTY_BODY = YES;
				CLANG_WARN_ENUM_CONVERSION = YES;
				CLANG_WARN_INFINITE_RECURSION = YES;
				CLANG_WARN_INT_CONVERSION = YES;
				CLANG_WARN_NON_LITERAL_NULL_CONVERSION = YES;
				CLANG_WARN_OBJC_IMPLICIT_RETAIN_SELF = YES;
				CLANG_WARN_OBJC_LITERAL_CONVERSION = YES;
				CLANG_WARN_OBJC_ROOT_CLASS = YES_ERROR;
				CLANG_WARN_QUOTED_INCLUDE_IN_FRAMEWORK_HEADER = YES;
				CLANG_WARN_RANGE_LOOP_ANALYSIS = YES;
				CLANG_WARN_STRICT_PROTOTYPES = YES;
				CLANG_WARN_SUSPICIOUS_MOVE = YES;
				CLANG_WARN_UNGUARDED_AVAILABILITY = YES_AGGRESSIVE;
				CLANG_WARN_UNREACHABLE_CODE = YES;
				CLANG_WARN__DUPLICATE_METHOD_MATCH = YES;
				COPY_PHASE_STRIP = NO;
				DEBUG_INFORMATION_FORMAT = "dwarf-with-dsym";
				ENABLE_NS_ASSERTIONS = NO;
				ENABLE_STRICT_OBJC_MSGSEND = YES;
				GCC_C_LANGUAGE_STANDARD = gnu11;
				GCC_NO_COMMON_BLOCKS = YES;
				GCC_WARN_64_TO_32_BIT_CONVERSION = YES;
				GCC_WARN_ABOUT_RETURN_TYPE = YES_ERROR;
				GCC_WARN_UNDECLARED_SELECTOR = YES;
				GCC_WARN_UNINITIALIZED_AUTOS = YES_AGGRESSIVE;
				GCC_WARN_UNUSED_FUNCTION = YES;
				GCC_WARN_UNUSED_VARIABLE = YES;
				IPHONEOS_DEPLOYMENT_TARGET = 16.1;
				MTL_ENABLE_DEBUG_INFO = NO;
				MTL_FAST_MATH = YES;
				SDKROOT = iphoneos;
				SWIFT_COMPILATION_MODE = wholemodule;
				SWIFT_OPTIMIZATION_LEVEL = "-O";
				VALIDATE_PRODUCT = YES;
			};
			name = Release;
		};
		43B5A3CD29EC71DA0000AA49 /* Debug */ = {
			isa = XCBuildConfiguration;
			buildSettings = {
				ASSETCATALOG_COMPILER_APPICON_NAME = AppIcon;
				ASSETCATALOG_COMPILER_GLOBAL_ACCENT_COLOR_NAME = AccentColor;
				CODE_SIGN_STYLE = Automatic;
				CURRENT_PROJECT_VERSION = 1;
				DEVELOPMENT_ASSET_PATHS = "\"Landmarks/Preview Content\"";
				DEVELOPMENT_TEAM = S2MZ49WTY5;
				ENABLE_PREVIEWS = YES;
				GENERATE_INFOPLIST_FILE = YES;
				INFOPLIST_KEY_UIApplicationSceneManifest_Generation = YES;
				INFOPLIST_KEY_UIApplicationSupportsIndirectInputEvents = YES;
				INFOPLIST_KEY_UILaunchScreen_Generation = YES;
				INFOPLIST_KEY_UISupportedInterfaceOrientations_iPad = "UIInterfaceOrientationPortrait UIInterfaceOrientationPortraitUpsideDown UIInterfaceOrientationLandscapeLeft UIInterfaceOrientationLandscapeRight";
				INFOPLIST_KEY_UISupportedInterfaceOrientations_iPhone = "UIInterfaceOrientationPortrait UIInterfaceOrientationLandscapeLeft UIInterfaceOrientationLandscapeRight";
				LD_RUNPATH_SEARCH_PATHS = (
					"$(inherited)",
					"@executable_path/Frameworks",
				);
				MARKETING_VERSION = 1.0;
				PRODUCT_BUNDLE_IDENTIFIER = SnappyDevlpr.Landmarks;
				PRODUCT_NAME = "$(TARGET_NAME)";
				SWIFT_EMIT_LOC_STRINGS = YES;
				SWIFT_VERSION = 5.0;
				TARGETED_DEVICE_FAMILY = "1,2";
			};
			name = Debug;
		};
		43B5A3CE29EC71DA0000AA49 /* Release */ = {
			isa = XCBuildConfiguration;
			buildSettings = {
				ASSETCATALOG_COMPILER_APPICON_NAME = AppIcon;
				ASSETCATALOG_COMPILER_GLOBAL_ACCENT_COLOR_NAME = AccentColor;
				CODE_SIGN_STYLE = Automatic;
				CURRENT_PROJECT_VERSION = 1;
				DEVELOPMENT_ASSET_PATHS = "\"Landmarks/Preview Content\"";
				DEVELOPMENT_TEAM = S2MZ49WTY5;
				ENABLE_PREVIEWS = YES;
				GENERATE_INFOPLIST_FILE = YES;
				INFOPLIST_KEY_UIApplicationSceneManifest_Generation = YES;
				INFOPLIST_KEY_UIApplicationSupportsIndirectInputEvents = YES;
				INFOPLIST_KEY_UILaunchScreen_Generation = YES;
				INFOPLIST_KEY_UISupportedInterfaceOrientations_iPad = "UIInterfaceOrientationPortrait UIInterfaceOrientationPortraitUpsideDown UIInterfaceOrientationLandscapeLeft UIInterfaceOrientationLandscapeRight";
				INFOPLIST_KEY_UISupportedInterfaceOrientations_iPhone = "UIInterfaceOrientationPortrait UIInterfaceOrientationLandscapeLeft UIInterfaceOrientationLandscapeRight";
				LD_RUNPATH_SEARCH_PATHS = (
					"$(inherited)",
					"@executable_path/Frameworks",
				);
				MARKETING_VERSION = 1.0;
				PRODUCT_BUNDLE_IDENTIFIER = SnappyDevlpr.Landmarks;
				PRODUCT_NAME = "$(TARGET_NAME)";
				SWIFT_EMIT_LOC_STRINGS = YES;
				SWIFT_VERSION = 5.0;
				TARGETED_DEVICE_FAMILY = "1,2";
			};
			name = Release;
		};
/* End XCBuildConfiguration section */

/* Begin XCConfigurationList section */
		43B5A3B929EC71D60000AA49 /* Build configuration list for PBXProject "Landmarks" */ = {
			isa = XCConfigurationList;
			buildConfigurations = (
				43B5A3CA29EC71DA0000AA49 /* Debug */,
				43B5A3CB29EC71DA0000AA49 /* Release */,
			);
			defaultConfigurationIsVisible = 0;
			defaultConfigurationName = Release;
		};
		43B5A3CC29EC71DA0000AA49 /* Build configuration list for PBXNativeTarget "Landmarks" */ = {
			isa = XCConfigurationList;
			buildConfigurations = (
				43B5A3CD29EC71DA0000AA49 /* Debug */,
				43B5A3CE29EC71DA0000AA49 /* Release */,
			);
			defaultConfigurationIsVisible = 0;
			defaultConfigurationName = Release;
		};
/* End XCConfigurationList section */
	};
	rootObject = 43B5A3B629EC71D60000AA49 /* Project object */;
}
